
Microsoft Visual Studio Solution File, Format Version 10.00
# Visual C++ Express 2008
Project("{8BC9CEB8-8B4A-11D0-8D11-00A0C91BC942}") = "DirectShowSource", "plugins\DirectShowSource\DirectShowSource_VC9.vcproj", "{212A1A86-E67B-48EC-B01B-63DC8FF40335}"
	ProjectSection(ProjectDependencies) = postProject
		{E8A3F6FA-AE1C-4C8E-A0B6-9C8480324EAA} = {E8A3F6FA-AE1C-4C8E-A0B6-9C8480324EAA}
	EndProjectSection
EndProject
Project("{8BC9CEB8-8B4A-11D0-8D11-00A0C91BC942}") = "SoftWire", "..\distrib\include\SoftWire\SoftWire_VC9.vcproj", "{48533428-0DBC-4CBB-8115-808462B3B4B5}"
EndProject
Project("{8BC9CEB8-8B4A-11D0-8D11-00A0C91BC942}") = "SoundTouch", "..\distrib\include\SoundTouch\SoundTouch_VC9.vcproj", "{03A846D7-8FDA-43EF-9504-36773A88D2F0}"
EndProject
Project("{8BC9CEB8-8B4A-11D0-8D11-00A0C91BC942}") = "TCPDeliver", "plugins\TCPDeliver\TCPDeliver_VC9.vcproj", "{8D2FC1AF-A394-4865-A420-ACF51A4C8D4C}"
	ProjectSection(ProjectDependencies) = postProject
		{E6886E5D-ED93-4E46-BD8C-C205D84B8772} = {E6886E5D-ED93-4E46-BD8C-C205D84B8772}
		{6313756C-0FBB-4F5A-BC05-68B968032D44} = {6313756C-0FBB-4F5A-BC05-68B968032D44}
	EndProjectSection
EndProject
Project("{8BC9CEB8-8B4A-11D0-8D11-00A0C91BC942}") = "avisynth", "avisynth_VC9.vcproj", "{56C17163-7CC6-4F1B-B678-64217A5FE0EB}"
	ProjectSection(ProjectDependencies) = postProject
		{48533428-0DBC-4CBB-8115-808462B3B4B5} = {48533428-0DBC-4CBB-8115-808462B3B4B5}
		{8EECBAA1-2123-4459-8FBD-6F62F29224DC} = {8EECBAA1-2123-4459-8FBD-6F62F29224DC}
		{03A846D7-8FDA-43EF-9504-36773A88D2F0} = {03A846D7-8FDA-43EF-9504-36773A88D2F0}
	EndProjectSection
EndProject
Project("{8BC9CEB8-8B4A-11D0-8D11-00A0C91BC942}") = "pfc", "..\distrib\include\pfc\pfc_VC9.vcproj", "{8EECBAA1-2123-4459-8FBD-6F62F29224DC}"
EndProject
Project("{8BC9CEB8-8B4A-11D0-8D11-00A0C91BC942}") = "lzo", "plugins\TCPDeliver\lzo_VC9.vcproj", "{E6886E5D-ED93-4E46-BD8C-C205D84B8772}"
EndProject
Project("{8BC9CEB8-8B4A-11D0-8D11-00A0C91BC942}") = "zlib", "plugins\TCPDeliver\zlib_VC9.vcproj", "{6313756C-0FBB-4F5A-BC05-68B968032D44}"
EndProject
Project("{8BC9CEB8-8B4A-11D0-8D11-00A0C91BC942}") = "BaseClasses", "plugins\DirectShowSource\baseclasses\baseclasses_VC9.vcproj", "{E8A3F6FA-AE1C-4C8E-A0B6-9C8480324EAA}"
EndProject
Global
	GlobalSection(SolutionConfigurationPlatforms) = preSolution
		Debug|Win32 = Debug|Win32
		Release|Win32 = Release|Win32
		RelSym|Win32 = RelSym|Win32
	EndGlobalSection
	GlobalSection(ProjectConfigurationPlatforms) = postSolution
		{212A1A86-E67B-48EC-B01B-63DC8FF40335}.Debug|Win32.ActiveCfg = Debug|Win32
		{212A1A86-E67B-48EC-B01B-63DC8FF40335}.Debug|Win32.Build.0 = Debug|Win32
		{212A1A86-E67B-48EC-B01B-63DC8FF40335}.Release|Win32.ActiveCfg = Release|Win32
		{212A1A86-E67B-48EC-B01B-63DC8FF40335}.Release|Win32.Build.0 = Release|Win32
		{212A1A86-E67B-48EC-B01B-63DC8FF40335}.RelSym|Win32.ActiveCfg = RelSym|Win32
		{212A1A86-E67B-48EC-B01B-63DC8FF40335}.RelSym|Win32.Build.0 = RelSym|Win32
		{48533428-0DBC-4CBB-8115-808462B3B4B5}.Debug|Win32.ActiveCfg = Debug|Win32
		{48533428-0DBC-4CBB-8115-808462B3B4B5}.Debug|Win32.Build.0 = Debug|Win32
		{48533428-0DBC-4CBB-8115-808462B3B4B5}.Release|Win32.ActiveCfg = Release|Win32
		{48533428-0DBC-4CBB-8115-808462B3B4B5}.Release|Win32.Build.0 = Release|Win32
		{48533428-0DBC-4CBB-8115-808462B3B4B5}.RelSym|Win32.ActiveCfg = RelSym|Win32
		{48533428-0DBC-4CBB-8115-808462B3B4B5}.RelSym|Win32.Build.0 = RelSym|Win32
		{03A846D7-8FDA-43EF-9504-36773A88D2F0}.Debug|Win32.ActiveCfg = Debug|Win32
		{03A846D7-8FDA-43EF-9504-36773A88D2F0}.Debug|Win32.Build.0 = Debug|Win32
		{03A846D7-8FDA-43EF-9504-36773A88D2F0}.Release|Win32.ActiveCfg = Release|Win32
		{03A846D7-8FDA-43EF-9504-36773A88D2F0}.Release|Win32.Build.0 = Release|Win32
		{03A846D7-8FDA-43EF-9504-36773A88D2F0}.RelSym|Win32.ActiveCfg = RelSym|Win32
		{03A846D7-8FDA-43EF-9504-36773A88D2F0}.RelSym|Win32.Build.0 = RelSym|Win32
		{8D2FC1AF-A394-4865-A420-ACF51A4C8D4C}.Debug|Win32.ActiveCfg = Debug|Win32
		{8D2FC1AF-A394-4865-A420-ACF51A4C8D4C}.Debug|Win32.Build.0 = Debug|Win32
		{8D2FC1AF-A394-4865-A420-ACF51A4C8D4C}.Release|Win32.ActiveCfg = Release|Win32
		{8D2FC1AF-A394-4865-A420-ACF51A4C8D4C}.Release|Win32.Build.0 = Release|Win32
		{8D2FC1AF-A394-4865-A420-ACF51A4C8D4C}.RelSym|Win32.ActiveCfg = RelSym|Win32
		{8D2FC1AF-A394-4865-A420-ACF51A4C8D4C}.RelSym|Win32.Build.0 = RelSym|Win32
		{56C17163-7CC6-4F1B-B678-64217A5FE0EB}.Debug|Win32.ActiveCfg = Debug|Win32
		{56C17163-7CC6-4F1B-B678-64217A5FE0EB}.Debug|Win32.Build.0 = Debug|Win32
		{56C17163-7CC6-4F1B-B678-64217A5FE0EB}.Release|Win32.ActiveCfg = Release|Win32
		{56C17163-7CC6-4F1B-B678-64217A5FE0EB}.Release|Win32.Build.0 = Release|Win32
		{56C17163-7CC6-4F1B-B678-64217A5FE0EB}.RelSym|Win32.ActiveCfg = RelSym|Win32
		{56C17163-7CC6-4F1B-B678-64217A5FE0EB}.RelSym|Win32.Build.0 = RelSym|Win32
		{8EECBAA1-2123-4459-8FBD-6F62F29224DC}.Debug|Win32.ActiveCfg = Debug|Win32
		{8EECBAA1-2123-4459-8FBD-6F62F29224DC}.Debug|Win32.Build.0 = Debug|Win32
		{8EECBAA1-2123-4459-8FBD-6F62F29224DC}.Release|Win32.ActiveCfg = Release|Win32
		{8EECBAA1-2123-4459-8FBD-6F62F29224DC}.Release|Win32.Build.0 = Release|Win32
		{8EECBAA1-2123-4459-8FBD-6F62F29224DC}.RelSym|Win32.ActiveCfg = RelSym|Win32
		{8EECBAA1-2123-4459-8FBD-6F62F29224DC}.RelSym|Win32.Build.0 = RelSym|Win32
		{E6886E5D-ED93-4E46-BD8C-C205D84B8772}.Debug|Win32.ActiveCfg = Debug|Win32
		{E6886E5D-ED93-4E46-BD8C-C205D84B8772}.Debug|Win32.Build.0 = Debug|Win32
		{E6886E5D-ED93-4E46-BD8C-C205D84B8772}.Release|Win32.ActiveCfg = Release|Win32
		{E6886E5D-ED93-4E46-BD8C-C205D84B8772}.Release|Win32.Build.0 = Release|Win32
		{E6886E5D-ED93-4E46-BD8C-C205D84B8772}.RelSym|Win32.ActiveCfg = RelSym|Win32
		{E6886E5D-ED93-4E46-BD8C-C205D84B8772}.RelSym|Win32.Build.0 = RelSym|Win32
		{6313756C-0FBB-4F5A-BC05-68B968032D44}.Debug|Win32.ActiveCfg = Debug|Win32
		{6313756C-0FBB-4F5A-BC05-68B968032D44}.Debug|Win32.Build.0 = Debug|Win32
		{6313756C-0FBB-4F5A-BC05-68B968032D44}.Release|Win32.ActiveCfg = Release|Win32
		{6313756C-0FBB-4F5A-BC05-68B968032D44}.Release|Win32.Build.0 = Release|Win32
		{6313756C-0FBB-4F5A-BC05-68B968032D44}.RelSym|Win32.ActiveCfg = RelSym|Win32
		{6313756C-0FBB-4F5A-BC05-68B968032D44}.RelSym|Win32.Build.0 = RelSym|Win32
		{E8A3F6FA-AE1C-4C8E-A0B6-9C8480324EAA}.Debug|Win32.ActiveCfg = Debug|Win32
		{E8A3F6FA-AE1C-4C8E-A0B6-9C8480324EAA}.Debug|Win32.Build.0 = Debug|Win32
		{E8A3F6FA-AE1C-4C8E-A0B6-9C8480324EAA}.Release|Win32.ActiveCfg = Release|Win32
		{E8A3F6FA-AE1C-4C8E-A0B6-9C8480324EAA}.Release|Win32.Build.0 = Release|Win32
		{E8A3F6FA-AE1C-4C8E-A0B6-9C8480324EAA}.RelSym|Win32.ActiveCfg = RelSym|Win32
		{E8A3F6FA-AE1C-4C8E-A0B6-9C8480324EAA}.RelSym|Win32.Build.0 = RelSym|Win32
	EndGlobalSection
	GlobalSection(SolutionProperties) = preSolution
		HideSolutionNode = FALSE
	EndGlobalSection
EndGlobal
